{
  "nodes": {
    "cpptrace": {
      "flake": false,
      "locked": {
        "lastModified": 1715568998,
        "narHash": "sha256-A74SLDo9eGws0z9RmLwT+2al0qC3/5BnG+uDjFxeSAU=",
        "owner": "jeremy-rifkin",
        "repo": "cpptrace",
        "rev": "a70cf7935adbc1522d2793dfc64a4ff0dfb19a9a",
        "type": "github"
      },
      "original": {
        "owner": "jeremy-rifkin",
        "repo": "cpptrace",
        "type": "github"
      }
    },
    "nixpkgs": {
      "locked": {
        "lastModified": 1715787315,
        "narHash": "sha256-cYApT0NXJfqBkKcci7D9Kr4CBYZKOQKDYA23q8XNuWg=",
        "owner": "nixos",
        "repo": "nixpkgs",
        "rev": "33d1e753c82ffc557b4a585c77de43d4c922ebb5",
        "type": "github"
      },
      "original": {
        "owner": "nixos",
        "ref": "nixos-unstable",
        "repo": "nixpkgs",
        "type": "github"
      }
    },
    "root": {
      "inputs": {
        "cpptrace": "cpptrace",
        "nixpkgs": "nixpkgs"
      }
    }
  },
  "root": "root",
  "version": 7
}
