{
  "nodes": {
    "atom_doc": {
      "inputs": {
        "nixpkgs": [
          "nixpkgs"
        ]
      },
      "locked": {
        "lastModified": 1719939226,
        "narHash": "sha256-8fiuN2FyiKn5bfLaAOvKhzr9tKjc7zrRBd+1Exza/3s=",
        "owner": "shifu-dev",
        "repo": "atom-doc",
        "rev": "f1b869bf23cc5725107f3d01f17b0889b6ff755a",
        "type": "github"
      },
      "original": {
        "owner": "shifu-dev",
        "repo": "atom-doc",
        "type": "github"
      }
    },
    "cpptrace": {
      "flake": false,
      "locked": {
        "lastModified": 1718847694,
        "narHash": "sha256-zjPxPtq+OQ104sJoeBD3jpMV9gV57FSHEJS4W6SF8GM=",
        "owner": "jeremy-rifkin",
        "repo": "cpptrace",
        "rev": "ea566778fcb2f96074a717e5f2f010d82177accd",
        "type": "github"
      },
      "original": {
        "owner": "jeremy-rifkin",
        "repo": "cpptrace",
        "type": "github"
      }
    },
    "libdwarf-lite": {
      "flake": false,
      "locked": {
        "lastModified": 1714245344,
        "narHash": "sha256-jcdBQGukZIDEltlx306IWgKQ2IqbE29T8sa0zTSDrxw=",
        "owner": "jeremy-rifkin",
        "repo": "libdwarf-lite",
        "rev": "87401f22cd05628d23059cb29ee6448a55c3a88a",
        "type": "github"
      },
      "original": {
        "owner": "jeremy-rifkin",
        "repo": "libdwarf-lite",
        "type": "github"
      }
    },
    "nixpkgs": {
      "locked": {
        "lastModified": 1719848872,
        "narHash": "sha256-H3+EC5cYuq+gQW8y0lSrrDZfH71LB4DAf+TDFyvwCNA=",
        "owner": "nixos",
        "repo": "nixpkgs",
        "rev": "00d80d13810dbfea8ab4ed1009b09100cca86ba8",
        "type": "github"
      },
      "original": {
        "owner": "nixos",
        "ref": "nixos-unstable",
        "repo": "nixpkgs",
        "type": "github"
      }
    },
    "root": {
      "inputs": {
        "atom_doc": "atom_doc",
        "cpptrace": "cpptrace",
        "libdwarf-lite": "libdwarf-lite",
        "nixpkgs": "nixpkgs",
        "zstd": "zstd"
      }
    },
    "zstd": {
      "flake": false,
      "locked": {
        "lastModified": 1719789423,
        "narHash": "sha256-hP2wdFLXIgP8Gj8jQnMy5FdiL/pblJQbwFxw3TOuDzs=",
        "owner": "facebook",
        "repo": "zstd",
        "rev": "3de0541aef8da51f144ef47fb86dcc38b21afb00",
        "type": "github"
      },
      "original": {
        "owner": "facebook",
        "repo": "zstd",
        "type": "github"
      }
    }
  },
  "root": "root",
  "version": 7
}
